{
  "name": "@soonagi/core",
  "version": "0.0.1",
  "lockfileVersion": 3,
  "requires": true,
  "packages": {
    "": {
      "name": "@soonagi/core",
      "version": "0.0.1",
      "devDependencies": {
        "@tsconfig/node22": "^22.0.2"
      }
    },
    "node_modules/@tsconfig/node22": {
      "version": "22.0.2",
      "resolved": "https://registry.npmjs.org/@tsconfig/node22/-/node22-22.0.2.tgz",
      "integrity": "sha512-Kmwj4u8sDRDrMYRoN9FDEcXD8UpBSaPQQ24Gz+Gamqfm7xxn+GBR7ge/Z7pK8OXNGyUzbSwJj+TH6B+DS/epyA==",
      "dev": true,
      "license": "MIT"
    }
  }
}
